
Microsoft Visual Studio Solution File, Format Version 12.00
# Visual Studio Version 17
VisualStudioVersion = 17.0.32112.339
MinimumVisualStudioVersion = 10.0.40219.1
Project("{8BC9CEB8-8B4A-11D0-8D11-00A0C91BC942}") = "assignment_2b_matthew_yung", "assignment_2b_matthew_yung.vcxproj", "{DCD8A404-B926-448C-9D79-FFAF0300A23C}"
EndProject
Global
	GlobalSection(SolutionConfigurationPlatforms) = preSolution
		Debug|x64 = Debug|x64
		Debug|x86 = Debug|x86
		Release|x64 = Release|x64
		Release|x86 = Release|x86
	EndGlobalSection
	GlobalSection(ProjectConfigurationPlatforms) = postSolution
		{DCD8A404-B926-448C-9D79-FFAF0300A23C}.Debug|x64.ActiveCfg = Debug|x64
		{DCD8A404-B926-448C-9D79-FFAF0300A23C}.Debug|x64.Build.0 = Debug|x64
		{DCD8A404-B926-448C-9D79-FFAF0300A23C}.Debug|x86.ActiveCfg = Debug|Win32
		{DCD8A404-B926-448C-9D79-FFAF0300A23C}.Debug|x86.Build.0 = Debug|Win32
		{DCD8A404-B926-448C-9D79-FFAF0300A23C}.Release|x64.ActiveCfg = Release|x64
		{DCD8A404-B926-448C-9D79-FFAF0300A23C}.Release|x64.Build.0 = Release|x64
		{DCD8A404-B926-448C-9D79-FFAF0300A23C}.Release|x86.ActiveCfg = Release|Win32
		{DCD8A404-B926-448C-9D79-FFAF0300A23C}.Release|x86.Build.0 = Release|Win32
	EndGlobalSection
	GlobalSection(SolutionProperties) = preSolution
		HideSolutionNode = FALSE
	EndGlobalSection
	GlobalSection(ExtensibilityGlobals) = postSolution
		SolutionGuid = {3758BC98-9BD1-4037-90F7-E6589886BE96}
	EndGlobalSection
EndGlobal
