
Microsoft Visual Studio Solution File, Format Version 12.00
# Visual Studio Version 17
VisualStudioVersion = 17.0.32112.339
MinimumVisualStudioVersion = 10.0.40219.1
Project("{8BC9CEB8-8B4A-11D0-8D11-00A0C91BC942}") = "assignment_3b_matthew_yung", "assignment_3b_matthew_yung.vcxproj", "{B8F4E4E7-8F12-483C-98C5-E2360178AF01}"
EndProject
Global
	GlobalSection(SolutionConfigurationPlatforms) = preSolution
		Debug|x64 = Debug|x64
		Debug|x86 = Debug|x86
		Release|x64 = Release|x64
		Release|x86 = Release|x86
	EndGlobalSection
	GlobalSection(ProjectConfigurationPlatforms) = postSolution
		{B8F4E4E7-8F12-483C-98C5-E2360178AF01}.Debug|x64.ActiveCfg = Debug|x64
		{B8F4E4E7-8F12-483C-98C5-E2360178AF01}.Debug|x64.Build.0 = Debug|x64
		{B8F4E4E7-8F12-483C-98C5-E2360178AF01}.Debug|x86.ActiveCfg = Debug|Win32
		{B8F4E4E7-8F12-483C-98C5-E2360178AF01}.Debug|x86.Build.0 = Debug|Win32
		{B8F4E4E7-8F12-483C-98C5-E2360178AF01}.Release|x64.ActiveCfg = Release|x64
		{B8F4E4E7-8F12-483C-98C5-E2360178AF01}.Release|x64.Build.0 = Release|x64
		{B8F4E4E7-8F12-483C-98C5-E2360178AF01}.Release|x86.ActiveCfg = Release|Win32
		{B8F4E4E7-8F12-483C-98C5-E2360178AF01}.Release|x86.Build.0 = Release|Win32
	EndGlobalSection
	GlobalSection(SolutionProperties) = preSolution
		HideSolutionNode = FALSE
	EndGlobalSection
	GlobalSection(ExtensibilityGlobals) = postSolution
		SolutionGuid = {3AC650D4-0477-4340-9260-7AA28509D47F}
	EndGlobalSection
EndGlobal
